{"is_source_file": false, "format": "", "description": "", "external_files": [], "external_methods": [], "published": [], "classes": [], "methods": [], "calls": [], "search-terms": [], "state": 2, "file_id": 26, "knowledge_revision": 59, "git_revision": "a77b639334e6081e05ea3b527307705c7459f240", "hash": "e9b4c3b42cef0193b7fddb548d37e652", "format-version": 4, "code-base-name": "default", "filename": "mindclear_frontend/post_process_status.lock", "revision_history": [{"59": "a77b639334e6081e05ea3b527307705c7459f240"}]}